// !$*UTF8*$!
{
	archiveVersion = 1;
	classes = {
	};
	objectVersion = 46;
	objects = {

/* Begin PBXBuildFile section */
		8068F8941C9EF92F00335897 /* AppDelegate.swift in Sources */ = {isa = PBXBuildFile; fileRef = 8068F8931C9EF92F00335897 /* AppDelegate.swift */; };
		8068F8961C9EF92F00335897 /* ViewController.swift in Sources */ = {isa = PBXBuildFile; fileRef = 8068F8951C9EF92F00335897 /* ViewController.swift */; };
		8068F8991C9EF92F00335897 /* Main.storyboard in Resources */ = {isa = PBXBuildFile; fileRef = 8068F8971C9EF92F00335897 /* Main.storyboard */; };
		8068F89B1C9EF92F00335897 /* Assets.xcassets in Resources */ = {isa = PBXBuildFile; fileRef = 8068F89A1C9EF92F00335897 /* Assets.xcassets */; };
		8068F89E1C9EF92F00335897 /* LaunchScreen.storyboard in Resources */ = {isa = PBXBuildFile; fileRef = 8068F89C1C9EF92F00335897 /* LaunchScreen.storyboard */; };
		8068F8A91C9EF92F00335897 /* tapperTests.swift in Sources */ = {isa = PBXBuildFile; fileRef = 8068F8A81C9EF92F00335897 /* tapperTests.swift */; };
		8068F8B41C9EF92F00335897 /* tapperUITests.swift in Sources */ = {isa = PBXBuildFile; fileRef = 8068F8B31C9EF92F00335897 /* tapperUITests.swift */; };
/* End PBXBuildFile section */

/* Begin PBXContainerItemProxy section */
		8068F8A51C9EF92F00335897 /* PBXContainerItemProxy */ = {
			isa = PBXContainerItemProxy;
			containerPortal = 8068F8881C9EF92F00335897 /* Project object */;
			proxyType = 1;
			remoteGlobalIDString = 8068F88F1C9EF92F00335897;
			remoteInfo = tapper;
		};
		8068F8B01C9EF92F00335897 /* PBXContainerItemProxy */ = {
			isa = PBXContainerItemProxy;
			containerPortal = 8068F8881C9EF92F00335897 /* Project object */;
			proxyType = 1;
			remoteGlobalIDString = 8068F88F1C9EF92F00335897;
			remoteInfo = tapper;
		};
/* End PBXContainerItemProxy section */

/* Begin PBXFileReference section */
		8068F8901C9EF92F00335897 /* tapper.app */ = {isa = PBXFileReference; explicitFileType = wrapper.application; includeInIndex = 0; path = tapper.app; sourceTree = BUILT_PRODUCTS_DIR; };
		8068F8931C9EF92F00335897 /* AppDelegate.swift */ = {isa = PBXFileReference; lastKnownFileType = sourcecode.swift; path = AppDelegate.swift; sourceTree = "<group>"; };
		8068F8951C9EF92F00335897 /* ViewController.swift */ = {isa = PBXFileReference; lastKnownFileType = sourcecode.swift; path = ViewController.swift; sourceTree = "<group>"; };
		8068F8981C9EF92F00335897 /* Base */ = {isa = PBXFileReference; lastKnownFileType = file.storyboard; name = Base; path = Base.lproj/Main.storyboard; sourceTree = "<group>"; };
		8068F89A1C9EF92F00335897 /* Assets.xcassets */ = {isa = PBXFileReference; lastKnownFileType = folder.assetcatalog; path = Assets.xcassets; sourceTree = "<group>"; };
		8068F89D1C9EF92F00335897 /* Base */ = {isa = PBXFileReference; lastKnownFileType = file.storyboard; name = Base; path = Base.lproj/LaunchScreen.storyboard; sourceTree = "<group>"; };
		8068F89F1C9EF92F00335897 /* Info.plist */ = {isa = PBXFileReference; lastKnownFileType = text.plist.xml; path = Info.plist; sourceTree = "<group>"; };
		8068F8A41C9EF92F00335897 /* tapperTests.xctest */ = {isa = PBXFileReference; explicitFileType = wrapper.cfbundle; includeInIndex = 0; path = tapperTests.xctest; sourceTree = BUILT_PRODUCTS_DIR; };
		8068F8A81C9EF92F00335897 /* tapperTests.swift */ = {isa = PBXFileReference; lastKnownFileType = sourcecode.swift; path = tapperTests.swift; sourceTree = "<group>"; };
		8068F8AA1C9EF92F00335897 /* Info.plist */ = {isa = PBXFileReference; lastKnownFileType = text.plist.xml; path = Info.plist; sourceTree = "<group>"; };
		8068F8AF1C9EF92F00335897 /* tapperUITests.xctest */ = {isa = PBXFileReference; explicitFileType = wrapper.cfbundle; includeInIndex = 0; path = tapperUITests.xctest; sourceTree = BUILT_PRODUCTS_DIR; };
		8068F8B31C9EF92F00335897 /* tapperUITests.swift */ = {isa = PBXFileReference; lastKnownFileType = sourcecode.swift; path = tapperUITests.swift; sourceTree = "<group>"; };
		8068F8B51C9EF92F00335897 /* Info.plist */ = {isa = PBXFileReference; lastKnownFileType = text.plist.xml; path = Info.plist; sourceTree = "<group>"; };
/* End PBXFileReference section */

/* Begin PBXFrameworksBuildPhase section */
		8068F88D1C9EF92F00335897 /* Frameworks */ = {
			isa = PBXFrameworksBuildPhase;
			buildActionMask = 2147483647;
			files = (
			);
			runOnlyForDeploymentPostprocessing = 0;
		};
		8068F8A11C9EF92F00335897 /* Frameworks */ = {
			isa = PBXFrameworksBuildPhase;
			buildActionMask = 2147483647;
			files = (
			);
			runOnlyForDeploymentPostprocessing = 0;
		};
		8068F8AC1C9EF92F00335897 /* Frameworks */ = {
			isa = PBXFrameworksBuildPhase;
			buildActionMask = 2147483647;
			files = (
			);
			runOnlyForDeploymentPostprocessing = 0;
		};
/* End PBXFrameworksBuildPhase section */

/* Begin PBXGroup section */
		8068F8871C9EF92F00335897 = {
			isa = PBXGroup;
			children = (
				8068F8921C9EF92F00335897 /* tapper */,
				8068F8A71C9EF92F00335897 /* tapperTests */,
				8068F8B21C9EF92F00335897 /* tapperUITests */,
				8068F8911C9EF92F00335897 /* Products */,
			);
			sourceTree = "<group>";
		};
		8068F8911C9EF92F00335897 /* Products */ = {
			isa = PBXGroup;
			children = (
				8068F8901C9EF92F00335897 /* tapper.app */,
				8068F8A41C9EF92F00335897 /* tapperTests.xctest */,
				8068F8AF1C9EF92F00335897 /* tapperUITests.xctest */,
			);
			name = Products;
			sourceTree = "<group>";
		};
		8068F8921C9EF92F00335897 /* tapper */ = {
			isa = PBXGroup;
			children = (
				8068F8931C9EF92F00335897 /* AppDelegate.swift */,
				8068F8951C9EF92F00335897 /* ViewController.swift */,
				8068F8971C9EF92F00335897 /* Main.storyboard */,
				8068F89A1C9EF92F00335897 /* Assets.xcassets */,
				8068F89C1C9EF92F00335897 /* LaunchScreen.storyboard */,
				8068F89F1C9EF92F00335897 /* Info.plist */,
			);
			path = tapper;
			sourceTree = "<group>";
		};
		8068F8A71C9EF92F00335897 /* tapperTests */ = {
			isa = PBXGroup;
			children = (
				8068F8A81C9EF92F00335897 /* tapperTests.swift */,
				8068F8AA1C9EF92F00335897 /* Info.plist */,
			);
			path = tapperTests;
			sourceTree = "<group>";
		};
		8068F8B21C9EF92F00335897 /* tapperUITests */ = {
			isa = PBXGroup;
			children = (
				8068F8B31C9EF92F00335897 /* tapperUITests.swift */,
				8068F8B51C9EF92F00335897 /* Info.plist */,
			);
			path = tapperUITests;
			sourceTree = "<group>";
		};
/* End PBXGroup section */

/* Begin PBXNativeTarget section */
		8068F88F1C9EF92F00335897 /* tapper */ = {
			isa = PBXNativeTarget;
			buildConfigurationList = 8068F8B81C9EF92F00335897 /* Build configuration list for PBXNativeTarget "tapper" */;
			buildPhases = (
				8068F88C1C9EF92F00335897 /* Sources */,
				8068F88D1C9EF92F00335897 /* Frameworks */,
				8068F88E1C9EF92F00335897 /* Resources */,
			);
			buildRules = (
			);
			dependencies = (
			);
			name = tapper;
			productName = tapper;
			productReference = 8068F8901C9EF92F00335897 /* tapper.app */;
			productType = "com.apple.product-type.application";
		};
		8068F8A31C9EF92F00335897 /* tapperTests */ = {
			isa = PBXNativeTarget;
			buildConfigurationList = 8068F8BB1C9EF92F00335897 /* Build configuration list for PBXNativeTarget "tapperTests" */;
			buildPhases = (
				8068F8A01C9EF92F00335897 /* Sources */,
				8068F8A11C9EF92F00335897 /* Frameworks */,
				8068F8A21C9EF92F00335897 /* Resources */,
			);
			buildRules = (
			);
			dependencies = (
				8068F8A61C9EF92F00335897 /* PBXTargetDependency */,
			);
			name = tapperTests;
			productName = tapperTests;
			productReference = 8068F8A41C9EF92F00335897 /* tapperTests.xctest */;
			productType = "com.apple.product-type.bundle.unit-test";
		};
		8068F8AE1C9EF92F00335897 /* tapperUITests */ = {
			isa = PBXNativeTarget;
			buildConfigurationList = 8068F8BE1C9EF92F00335897 /* Build configuration list for PBXNativeTarget "tapperUITests" */;
			buildPhases = (
				8068F8AB1C9EF92F00335897 /* Sources */,
				8068F8AC1C9EF92F00335897 /* Frameworks */,
				8068F8AD1C9EF92F00335897 /* Resources */,
			);
			buildRules = (
			);
			dependencies = (
				8068F8B11C9EF92F00335897 /* PBXTargetDependency */,
			);
			name = tapperUITests;
			productName = tapperUITests;
			productReference = 8068F8AF1C9EF92F00335897 /* tapperUITests.xctest */;
			productType = "com.apple.product-type.bundle.ui-testing";
		};
/* End PBXNativeTarget section */

/* Begin PBXProject section */
		8068F8881C9EF92F00335897 /* Project object */ = {
			isa = PBXProject;
			attributes = {
				LastSwiftUpdateCheck = 0710;
				LastUpgradeCheck = 0710;
				ORGANIZATIONNAME = Arif;
				TargetAttributes = {
					8068F88F1C9EF92F00335897 = {
						CreatedOnToolsVersion = 7.1.1;
					};
					8068F8A31C9EF92F00335897 = {
						CreatedOnToolsVersion = 7.1.1;
						TestTargetID = 8068F88F1C9EF92F00335897;
					};
					8068F8AE1C9EF92F00335897 = {
						CreatedOnToolsVersion = 7.1.1;
						TestTargetID = 8068F88F1C9EF92F00335897;
					};
				};
			};
			buildConfigurationList = 8068F88B1C9EF92F00335897 /* Build configuration list for PBXProject "tapper" */;
			compatibilityVersion = "Xcode 3.2";
			developmentRegion = English;
			hasScannedForEncodings = 0;
			knownRegions = (
				en,
				Base,
			);
			mainGroup = 8068F8871C9EF92F00335897;
			productRefGroup = 8068F8911C9EF92F00335897 /* Products */;
			projectDirPath = "";
			projectRoot = "";
			targets = (
				8068F88F1C9EF92F00335897 /* tapper */,
				8068F8A31C9EF92F00335897 /* tapperTests */,
				8068F8AE1C9EF92F00335897 /* tapperUITests */,
			);
		};
/* End PBXProject section */

/* Begin PBXResourcesBuildPhase section */
		8068F88E1C9EF92F00335897 /* Resources */ = {
			isa = PBXResourcesBuildPhase;
			buildActionMask = 2147483647;
			files = (
				8068F89E1C9EF92F00335897 /* LaunchScreen.storyboard in Resources */,
				8068F89B1C9EF92F00335897 /* Assets.xcassets in Resources */,
				8068F8991C9EF92F00335897 /* Main.storyboard in Resources */,
			);
			runOnlyForDeploymentPostprocessing = 0;
		};
		8068F8A21C9EF92F00335897 /* Resources */ = {
			isa = PBXResourcesBuildPhase;
			buildActionMask = 2147483647;
			files = (
			);
			runOnlyForDeploymentPostprocessing = 0;
		};
		8068F8AD1C9EF92F00335897 /* Resources */ = {
			isa = PBXResourcesBuildPhase;
			buildActionMask = 2147483647;
			files = (
			);
			runOnlyForDeploymentPostprocessing = 0;
		};
/* End PBXResourcesBuildPhase section */

/* Begin PBXSourcesBuildPhase section */
		8068F88C1C9EF92F00335897 /* Sources */ = {
			isa = PBXSourcesBuildPhase;
			buildActionMask = 2147483647;
			files = (
				8068F8961C9EF92F00335897 /* ViewController.swift in Sources */,
				8068F8941C9EF92F00335897 /* AppDelegate.swift in Sources */,
			);
			runOnlyForDeploymentPostprocessing = 0;
		};
		8068F8A01C9EF92F00335897 /* Sources */ = {
			isa = PBXSourcesBuildPhase;
			buildActionMask = 2147483647;
			files = (
				8068F8A91C9EF92F00335897 /* tapperTests.swift in Sources */,
			);
			runOnlyForDeploymentPostprocessing = 0;
		};
		8068F8AB1C9EF92F00335897 /* Sources */ = {
			isa = PBXSourcesBuildPhase;
			buildActionMask = 2147483647;
			files = (
				8068F8B41C9EF92F00335897 /* tapperUITests.swift in Sources */,
			);
			runOnlyForDeploymentPostprocessing = 0;
		};
/* End PBXSourcesBuildPhase section */

/* Begin PBXTargetDependency section */
		8068F8A61C9EF92F00335897 /* PBXTargetDependency */ = {
			isa = PBXTargetDependency;
			target = 8068F88F1C9EF92F00335897 /* tapper */;
			targetProxy = 8068F8A51C9EF92F00335897 /* PBXContainerItemProxy */;
		};
		8068F8B11C9EF92F00335897 /* PBXTargetDependency */ = {
			isa = PBXTargetDependency;
			target = 8068F88F1C9EF92F00335897 /* tapper */;
			targetProxy = 8068F8B01C9EF92F00335897 /* PBXContainerItemProxy */;
		};
/* End PBXTargetDependency section */

/* Begin PBXVariantGroup section */
		8068F8971C9EF92F00335897 /* Main.storyboard */ = {
			isa = PBXVariantGroup;
			children = (
				8068F8981C9EF92F00335897 /* Base */,
			);
			name = Main.storyboard;
			sourceTree = "<group>";
		};
		8068F89C1C9EF92F00335897 /* LaunchScreen.storyboard */ = {
			isa = PBXVariantGroup;
			children = (
				8068F89D1C9EF92F00335897 /* Base */,
			);
			name = LaunchScreen.storyboard;
			sourceTree = "<group>";
		};
/* End PBXVariantGroup section */

/* Begin XCBuildConfiguration section */
		8068F8B61C9EF92F00335897 /* Debug */ = {
			isa = XCBuildConfiguration;
			buildSettings = {
				ALWAYS_SEARCH_USER_PATHS = NO;
				CLANG_CXX_LANGUAGE_STANDARD = "gnu++0x";
				CLANG_CXX_LIBRARY = "libc++";
				CLANG_ENABLE_MODULES = YES;
				CLANG_ENABLE_OBJC_ARC = YES;
				CLANG_WARN_BOOL_CONVERSION = YES;
				CLANG_WARN_CONSTANT_CONVERSION = YES;
				CLANG_WARN_DIRECT_OBJC_ISA_USAGE = YES_ERROR;
				CLANG_WARN_EMPTY_BODY = YES;
				CLANG_WARN_ENUM_CONVERSION = YES;
				CLANG_WARN_INT_CONVERSION = YES;
				CLANG_WARN_OBJC_ROOT_CLASS = YES_ERROR;
				CLANG_WARN_UNREACHABLE_CODE = YES;
				CLANG_WARN__DUPLICATE_METHOD_MATCH = YES;
				"CODE_SIGN_IDENTITY[sdk=iphoneos*]" = "iPhone Developer";
				COPY_PHASE_STRIP = NO;
				DEBUG_INFORMATION_FORMAT = dwarf;
				ENABLE_STRICT_OBJC_MSGSEND = YES;
				ENABLE_TESTABILITY = YES;
				GCC_C_LANGUAGE_STANDARD = gnu99;
				GCC_DYNAMIC_NO_PIC = NO;
				GCC_NO_COMMON_BLOCKS = YES;
				GCC_OPTIMIZATION_LEVEL = 0;
				GCC_PREPROCESSOR_DEFINITIONS = (
					"DEBUG=1",
					"$(inherited)",
				);
				GCC_WARN_64_TO_32_BIT_CONVERSION = YES;
				GCC_WARN_ABOUT_RETURN_TYPE = YES_ERROR;
				GCC_WARN_UNDECLARED_SELECTOR = YES;
				GCC_WARN_UNINITIALIZED_AUTOS = YES_AGGRESSIVE;
				GCC_WARN_UNUSED_FUNCTION = YES;
				GCC_WARN_UNUSED_VARIABLE = YES;
				IPHONEOS_DEPLOYMENT_TARGET = 9.1;
				MTL_ENABLE_DEBUG_INFO = YES;
				ONLY_ACTIVE_ARCH = YES;
				SDKROOT = iphoneos;
				SWIFT_OPTIMIZATION_LEVEL = "-Onone";
			};
			name = Debug;
		};
		8068F8B71C9EF92F00335897 /* Release */ = {
			isa = XCBuildConfiguration;
			buildSettings = {
				ALWAYS_SEARCH_USER_PATHS = NO;
				CLANG_CXX_LANGUAGE_STANDARD = "gnu++0x";
				CLANG_CXX_LIBRARY = "libc++";
				CLANG_ENABLE_MODULES = YES;
				CLANG_ENABLE_OBJC_ARC = YES;
				CLANG_WARN_BOOL_CONVERSION = YES;
				CLANG_WARN_CONSTANT_CONVERSION = YES;
				CLANG_WARN_DIRECT_OBJC_ISA_USAGE = YES_ERROR;
				CLANG_WARN_EMPTY_BODY = YES;
				CLANG_WARN_ENUM_CONVERSION = YES;
				CLANG_WARN_INT_CONVERSION = YES;
				CLANG_WARN_OBJC_ROOT_CLASS = YES_ERROR;
				CLANG_WARN_UNREACHABLE_CODE = YES;
				CLANG_WARN__DUPLICATE_METHOD_MATCH = YES;
				"CODE_SIGN_IDENTITY[sdk=iphoneos*]" = "iPhone Developer";
				COPY_PHASE_STRIP = NO;
				DEBUG_INFORMATION_FORMAT = "dwarf-with-dsym";
				ENABLE_NS_ASSERTIONS = NO;
				ENABLE_STRICT_OBJC_MSGSEND = YES;
				GCC_C_LANGUAGE_STANDARD = gnu99;
				GCC_NO_COMMON_BLOCKS = YES;
				GCC_WARN_64_TO_32_BIT_CONVERSION = YES;
				GCC_WARN_ABOUT_RETURN_TYPE = YES_ERROR;
				GCC_WARN_UNDECLARED_SELECTOR = YES;
				GCC_WARN_UNINITIALIZED_AUTOS = YES_AGGRESSIVE;
				GCC_WARN_UNUSED_FUNCTION = YES;
				GCC_WARN_UNUSED_VARIABLE = YES;
				IPHONEOS_DEPLOYMENT_TARGET = 9.1;
				MTL_ENABLE_DEBUG_INFO = NO;
				SDKROOT = iphoneos;
				VALIDATE_PRODUCT = YES;
			};
			name = Release;
		};
		8068F8B91C9EF92F00335897 /* Debug */ = {
			isa = XCBuildConfiguration;
			buildSettings = {
				ASSETCATALOG_COMPILER_APPICON_NAME = AppIcon;
				INFOPLIST_FILE = tapper/Info.plist;
				LD_RUNPATH_SEARCH_PATHS = "$(inherited) @executable_path/Frameworks";
				PRODUCT_BUNDLE_IDENTIFIER = arif.tapper;
				PRODUCT_NAME = "$(TARGET_NAME)";
			};
			name = Debug;
		};
		8068F8BA1C9EF92F00335897 /* Release */ = {
			isa = XCBuildConfiguration;
			buildSettings = {
				ASSETCATALOG_COMPILER_APPICON_NAME = AppIcon;
				INFOPLIST_FILE = tapper/Info.plist;
				LD_RUNPATH_SEARCH_PATHS = "$(inherited) @executable_path/Frameworks";
				PRODUCT_BUNDLE_IDENTIFIER = arif.tapper;
				PRODUCT_NAME = "$(TARGET_NAME)";
			};
			name = Release;
		};
		8068F8BC1C9EF92F00335897 /* Debug */ = {
			isa = XCBuildConfiguration;
			buildSettings = {
				BUNDLE_LOADER = "$(TEST_HOST)";
				INFOPLIST_FILE = tapperTests/Info.plist;
				LD_RUNPATH_SEARCH_PATHS = "$(inherited) @executable_path/Frameworks @loader_path/Frameworks";
				PRODUCT_BUNDLE_IDENTIFIER = arif.tapperTests;
				PRODUCT_NAME = "$(TARGET_NAME)";
				TEST_HOST = "$(BUILT_PRODUCTS_DIR)/tapper.app/tapper";
			};
			name = Debug;
		};
		8068F8BD1C9EF92F00335897 /* Release */ = {
			isa = XCBuildConfiguration;
			buildSettings = {
				BUNDLE_LOADER = "$(TEST_HOST)";
				INFOPLIST_FILE = tapperTests/Info.plist;
				LD_RUNPATH_SEARCH_PATHS = "$(inherited) @executable_path/Frameworks @loader_path/Frameworks";
				PRODUCT_BUNDLE_IDENTIFIER = arif.tapperTests;
				PRODUCT_NAME = "$(TARGET_NAME)";
				TEST_HOST = "$(BUILT_PRODUCTS_DIR)/tapper.app/tapper";
			};
			name = Release;
		};
		8068F8BF1C9EF92F00335897 /* Debug */ = {
			isa = XCBuildConfiguration;
			buildSettings = {
				INFOPLIST_FILE = tapperUITests/Info.plist;
				LD_RUNPATH_SEARCH_PATHS = "$(inherited) @executable_path/Frameworks @loader_path/Frameworks";
				PRODUCT_BUNDLE_IDENTIFIER = arif.tapperUITests;
				PRODUCT_NAME = "$(TARGET_NAME)";
				TEST_TARGET_NAME = tapper;
				USES_XCTRUNNER = YES;
			};
			name = Debug;
		};
		8068F8C01C9EF92F00335897 /* Release */ = {
			isa = XCBuildConfiguration;
			buildSettings = {
				INFOPLIST_FILE = tapperUITests/Info.plist;
				LD_RUNPATH_SEARCH_PATHS = "$(inherited) @executable_path/Frameworks @loader_path/Frameworks";
				PRODUCT_BUNDLE_IDENTIFIER = arif.tapperUITests;
				PRODUCT_NAME = "$(TARGET_NAME)";
				TEST_TARGET_NAME = tapper;
				USES_XCTRUNNER = YES;
			};
			name = Release;
		};
/* End XCBuildConfiguration section */

/* Begin XCConfigurationList section */
		8068F88B1C9EF92F00335897 /* Build configuration list for PBXProject "tapper" */ = {
			isa = XCConfigurationList;
			buildConfigurations = (
				8068F8B61C9EF92F00335897 /* Debug */,
				8068F8B71C9EF92F00335897 /* Release */,
			);
			defaultConfigurationIsVisible = 0;
			defaultConfigurationName = Release;
		};
		8068F8B81C9EF92F00335897 /* Build configuration list for PBXNativeTarget "tapper" */ = {
			isa = XCConfigurationList;
			buildConfigurations = (
				8068F8B91C9EF92F00335897 /* Debug */,
				8068F8BA1C9EF92F00335897 /* Release */,
			);
			defaultConfigurationIsVisible = 0;
		};
		8068F8BB1C9EF92F00335897 /* Build configuration list for PBXNativeTarget "tapperTests" */ = {
			isa = XCConfigurationList;
			buildConfigurations = (
				8068F8BC1C9EF92F00335897 /* Debug */,
				8068F8BD1C9EF92F00335897 /* Release */,
			);
			defaultConfigurationIsVisible = 0;
		};
		8068F8BE1C9EF92F00335897 /* Build configuration list for PBXNativeTarget "tapperUITests" */ = {
			isa = XCConfigurationList;
			buildConfigurations = (
				8068F8BF1C9EF92F00335897 /* Debug */,
				8068F8C01C9EF92F00335897 /* Release */,
			);
			defaultConfigurationIsVisible = 0;
		};
/* End XCConfigurationList section */
	};
	rootObject = 8068F8881C9EF92F00335897 /* Project object */;
}
